# This file is automatically @generated by Cargo.
# It is not intended for manual editing.
[[package]]
name = "about"
version = "0.1.0"

[[package]]
name = "add_conditions"
version = "0.1.0"

[[package]]
name = "adding_custom_failure_messages"
version = "0.1.0"

[[package]]
name = "arc1"
version = "0.1.0"
dependencies = [
 "escargot",
]

[[package]]
name = "arrays"
version = "0.1.0"

[[package]]
name = "asref_and_asmut"
version = "0.1.0"

[[package]]
name = "assert"
version = "0.1.0"

[[package]]
name = "assert_eq"
version = "0.1.0"

[[package]]
name = "boolean"
version = "0.1.0"

[[package]]
name = "borrow"
version = "0.1.0"

[[package]]
name = "box_task"
version = "0.1.0"

[[package]]
name = "bringing_paths_into_scope_with_the_use_keyword"
version = "0.1.0"

[[package]]
name = "calculate_price"
version = "0.1.0"

[[package]]
name = "calling_a_macro"
version = "0.1.0"

[[package]]
name = "capitalize_first"
version = "0.1.0"

[[package]]
name = "cfg-if"
version = "1.0.0"
source = "registry+https://github.com/rust-lang/crates.io-index"
checksum = "baf1de4339761588bc0619e3cbc0120ee582ebb74b53b4efbf79117bd2da40fd"

[[package]]
name = "charcaters"
version = "0.1.0"

[[package]]
name = "compound_types"
version = "0.1.0"

[[package]]
name = "course_view"
version = "0.1.0"

[[package]]
name = "declaring_a_hashmap"
version = "0.1.0"

[[package]]
name = "declaring_a_vector"
version = "0.1.0"

[[package]]
name = "define_an_enum"
version = "0.1.0"

[[package]]
name = "defining_a_function"
version = "0.1.0"

[[package]]
name = "defining_an_enum"
version = "0.1.0"

[[package]]
name = "defining_structs"
version = "0.1.0"

[[package]]
name = "differences_between_variables_and_constants"
version = "0.1.0"

[[package]]
name = "editor"
version = "0.1.0"

[[package]]
name = "else_if"
version = "0.1.0"

[[package]]
name = "enum_variant_types"
version = "0.1.0"

[[package]]
name = "enums_intro"
version = "0.1.0"

[[package]]
name = "error_handling_intro"
version = "0.1.0"

[[package]]
name = "errorsn"
version = "0.1.0"

[[package]]
name = "escargot"
version = "0.5.2"
source = "registry+https://github.com/rust-lang/crates.io-index"
checksum = "44bb3f795fe1b9d34f089c7fab034c2b757998d65361d95ef008045b57665262"
dependencies = [
 "log",
 "once_cell",
 "serde",
 "serde_json",
]

[[package]]
name = "example_structs"
version = "0.1.0"

[[package]]
name = "extensible_concurrency_with_the_sync_and_send_traits"
version = "0.1.0"

[[package]]
name = "from_into"
version = "0.1.0"

[[package]]
name = "fromstr"
version = "0.1.0"

[[package]]
name = "functions_intro"
version = "0.1.0"

[[package]]
name = "generic_data_types"
version = "0.1.0"

[[package]]
name = "generic_types_intro"
version = "0.1.0"

[[package]]
name = "generics_in_structs"
version = "0.1.0"

[[package]]
name = "generics_in_vec"
version = "0.1.0"

[[package]]
name = "hashmaps"
version = "0.1.0"

[[package]]
name = "hello_world"
version = "0.1.0"
dependencies = [
 "escargot",
]

[[package]]
name = "how_to_write_tests"
version = "0.1.0"

[[package]]
name = "if_intro"
version = "0.1.0"

[[package]]
name = "if_let"
version = "0.1.0"

[[package]]
name = "if_task"
version = "0.1.0"

[[package]]
name = "implement_a_macro"
version = "0.1.0"

[[package]]
name = "implement_match"
version = "0.1.0"

[[package]]
name = "initiate_struct"
version = "0.1.0"

[[package]]
name = "installation"
version = "0.1.0"

[[package]]
name = "intro"
version = "0.1.0"

[[package]]
name = "intro_tests"
version = "0.1.0"

[[package]]
name = "iterable_collection"
version = "0.1.0"

[[package]]
name = "iterator3"
version = "0.1.0"

[[package]]
name = "iterators4"
version = "0.1.0"

[[package]]
name = "itoa"
version = "0.4.7"
source = "registry+https://github.com/rust-lang/crates.io-index"
checksum = "dd25036021b0de88a0aff6b850051563c6516d0bf53f8638938edbb9de732736"

[[package]]
name = "lifetime_syntax"
version = "0.1.0"

[[package]]
name = "log"
version = "0.4.14"
source = "registry+https://github.com/rust-lang/crates.io-index"
checksum = "51b9bbe6c47d51fc3e1a9b945965946b4c44142ab8792c50835a980d362c2710"
dependencies = [
 "cfg-if",
]

[[package]]
name = "loop_over_a_vector"
version = "0.1.0"

[[package]]
name = "macro_arms"
version = "0.1.0"

[[package]]
name = "macros2"
version = "0.1.0"

[[package]]
name = "macros3"
version = "0.1.0"

[[package]]
name = "macros_intro"
version = "0.1.0"

[[package]]
name = "match_operator"
version = "0.1.0"

[[package]]
name = "matching_result"
version = "0.1.0"

[[package]]
name = "matching_result_2"
version = "0.1.0"

[[package]]
name = "method_syntax"
version = "0.1.0"

[[package]]
name = "modifying_a_hashmap"
version = "0.1.0"

[[package]]
name = "modules_intro"
version = "0.1.0"

[[package]]
name = "move_semantics_intro"
version = "0.1.0"

[[package]]
name = "mutable"
version = "0.1.0"
dependencies = [
 "escargot",
]

[[package]]
name = "mutable_argument"
version = "0.1.0"
dependencies = [
 "escargot",
]

[[package]]
name = "navigating_around"
version = "0.1.0"

[[package]]
name = "once_cell"
version = "1.7.2"
source = "registry+https://github.com/rust-lang/crates.io-index"
checksum = "af8b08b04175473088b46763e51ee54da5f9a164bc162f615b91bc179dbf15a3"

[[package]]
name = "optional_value"
version = "0.1.0"

[[package]]
name = "passing_an_argument"
version = "0.1.0"

[[package]]
name = "paths_for_referring_to_an_item_in_the_module_tree"
version = "0.1.0"

[[package]]
name = "proc-macro2"
version = "1.0.26"
source = "registry+https://github.com/rust-lang/crates.io-index"
checksum = "a152013215dca273577e18d2bf00fa862b89b24169fb78c4c95aeb07992c9cec"
dependencies = [
 "unicode-xid",
]

[[package]]
name = "public_modifier"
version = "0.1.0"
dependencies = [
 "escargot",
]

[[package]]
name = "public_modifier_2"
version = "0.1.0"
dependencies = [
 "escargot",
]

[[package]]
name = "quote"
version = "1.0.9"
source = "registry+https://github.com/rust-lang/crates.io-index"
checksum = "c3d0b9745dc2debf507c8422de05d7226cc1f0644216dfdfead988f9b1ab32a7"
dependencies = [
 "proc-macro2",
]

[[package]]
name = "recoverable_errors_with_result"
version = "0.1.0"

[[package]]
name = "references_and_borrowing"
version = "0.1.0"

[[package]]
name = "repetition_with_loops"
version = "0.1.0"

[[package]]
name = "result1"
version = "0.1.0"

[[package]]
name = "return_a_value"
version = "0.1.0"

[[package]]
name = "return_type"
version = "0.1.0"

[[package]]
name = "returning_a_string"
version = "0.1.0"

[[package]]
name = "returning_result"
version = "0.1.0"

[[package]]
name = "running_tests"
version = "0.1.0"

[[package]]
name = "ryu"
version = "1.0.5"
source = "registry+https://github.com/rust-lang/crates.io-index"
checksum = "71d301d4193d031abdd79ff7e3dd721168a9572ef3fe51a1517aba235bd8f86e"

[[package]]
name = "scalar_types"
version = "0.1.0"

[[package]]
name = "separating_modules_into_different_files"
version = "0.1.0"

[[package]]
name = "serde"
version = "1.0.125"
source = "registry+https://github.com/rust-lang/crates.io-index"
checksum = "558dc50e1a5a5fa7112ca2ce4effcb321b0300c0d4ccf0776a9f60cd89031171"
dependencies = [
 "serde_derive",
]

[[package]]
name = "serde_derive"
version = "1.0.125"
source = "registry+https://github.com/rust-lang/crates.io-index"
checksum = "b093b7a2bb58203b5da3056c05b4ec1fed827dcfdb37347a8841695263b3d06d"
dependencies = [
 "proc-macro2",
 "quote",
 "syn",
]

[[package]]
name = "serde_json"
version = "1.0.64"
source = "registry+https://github.com/rust-lang/crates.io-index"
checksum = "799e97dc9fdae36a5c8b8f2cae9ce2ee9fdce2058c57a93e6099d919fd982f79"
dependencies = [
 "itoa",
 "ryu",
 "serde",
]

[[package]]
name = "shadowing"
version = "0.1.0"

[[package]]
name = "shared_state_concurrency"
version = "0.1.0"

[[package]]
name = "slices"
version = "0.1.0"
dependencies = [
 "escargot",
]

[[package]]
name = "statements_and_expressions"
version = "0.1.0"

[[package]]
name = "stdlib_intro"
version = "0.1.0"

[[package]]
name = "string_slice"
version = "0.1.0"

[[package]]
name = "string_trait"
version = "0.1.0"

[[package]]
name = "strings_and_strs"
version = "0.1.0"
dependencies = [
 "escargot",
]

[[package]]
name = "strings_intro"
version = "0.1.0"

[[package]]
name = "struct_logic"
version = "0.1.0"

[[package]]
name = "struct_update"
version = "0.1.0"

[[package]]
name = "structs_intro"
version = "0.1.0"

[[package]]
name = "submodules"
version = "0.1.0"

[[package]]
name = "syn"
version = "1.0.72"
source = "registry+https://github.com/rust-lang/crates.io-index"
checksum = "a1e8cdbefb79a9a5a65e0db8b47b723ee907b7c7f8496c76a1770b5c310bab82"
dependencies = [
 "proc-macro2",
 "quote",
 "unicode-xid",
]

[[package]]
name = "task_description"
version = "0.1.0"

[[package]]
name = "test_organization"
version = "0.1.0"

[[package]]
name = "testing_task"
version = "0.1.0"

[[package]]
name = "the_slice_type"
version = "0.1.0"

[[package]]
name = "threads"
version = "0.1.0"
dependencies = [
 "escargot",
]

[[package]]
name = "threads_intro"
version = "0.1.0"

[[package]]
name = "times_two_tests"
version = "0.1.0"

[[package]]
name = "to_panic_or_not_to_panic"
version = "0.1.0"

[[package]]
name = "trait_bound_syntax"
version = "0.1.0"

[[package]]
name = "traits"
version = "0.1.0"

[[package]]
name = "try_from_into"
version = "0.1.0"

[[package]]
name = "tuple_index"
version = "0.1.0"
dependencies = [
 "escargot",
]

[[package]]
name = "tuples"
version = "0.1.0"
dependencies = [
 "escargot",
]

[[package]]
name = "type_annotation_of_a_parameter"
version = "0.1.0"

[[package]]
name = "unicode-xid"
version = "0.2.2"
source = "registry+https://github.com/rust-lang/crates.io-index"
checksum = "8ccb82d61f80a663efe1f787a51b16b5a51e3314d6ac365b08639f52387b33f3"

[[package]]
name = "use_option"
version = "0.1.0"

[[package]]
name = "using_as"
version = "0.1.0"

[[package]]
name = "using_message_passing_to_transfer_data_between_threads"
version = "0.1.0"

[[package]]
name = "using_threads_to_run_code_simultaneously"
version = "0.1.0"

[[package]]
name = "variables1"
version = "0.1.0"

[[package]]
name = "variables2"
version = "0.1.0"

[[package]]
name = "variables3"
version = "0.1.0"

[[package]]
name = "variables4"
version = "0.1.0"

[[package]]
name = "variables5"
version = "0.1.0"

[[package]]
name = "variables6"
version = "0.1.0"

[[package]]
name = "variables_and_mutability"
version = "0.1.0"

[[package]]
name = "variables_intro"
version = "0.1.0"

[[package]]
name = "vec_trait"
version = "0.1.0"

[[package]]
name = "vectors"
version = "0.1.0"

[[package]]
name = "without_arguments"
version = "0.1.0"
dependencies = [
 "escargot",
]
